{
  "nodes": {
    "asdf-kubectl": {
      "flake": false,
      "locked": {
        "lastModified": 1678798503,
        "narHash": "sha256-xS6AOZGsSqxtvWwWikO2tOLQ42K/xV/eVFTsimDuK5s=",
        "owner": "asdf-community",
        "repo": "asdf-kubectl",
        "rev": "cbe6df49865a52ad5e6e430dff33f474785ff2bf",
        "type": "github"
      },
      "original": {
        "owner": "asdf-community",
        "repo": "asdf-kubectl",
        "type": "github"
      }
    },
    "astronvim": {
      "flake": false,
      "locked": {
        "lastModified": 1709218186,
        "narHash": "sha256-1nfMx9XaTOfuz1IlvepJdEfrX539RRVN5RXzUR00tfk=",
        "owner": "AstroNvim",
        "repo": "AstroNvim",
        "rev": "d36af2f75369e3621312c87bd0e377e7d562fc72",
        "type": "github"
      },
      "original": {
        "owner": "AstroNvim",
        "ref": "v3.44.1",
        "repo": "AstroNvim",
        "type": "github"
      }
    },
    "base16-alacritty": {
      "flake": false,
      "locked": {
        "lastModified": 1703982197,
        "narHash": "sha256-TNxKbwdiUXGi4Z4chT72l3mt3GSvOcz6NZsUH8bQU/k=",
        "owner": "aarowill",
        "repo": "base16-alacritty",
        "rev": "c95c200b3af739708455a03b5d185d3d2d263c6e",
        "type": "github"
      },
      "original": {
        "owner": "aarowill",
        "repo": "base16-alacritty",
        "type": "github"
      }
    },
    "base16-fzf": {
      "flake": false,
      "locked": {
        "lastModified": 1708699142,
        "narHash": "sha256-nx+mOL6wGkwDPfE8q3QHWwKuLtjTmYPOlsNk8TYyVQ0=",
        "owner": "tinted-theming",
        "repo": "base16-fzf",
        "rev": "51e58f8396fe75ca790ac372adbcf72b3c7e6542",
        "type": "github"
      },
      "original": {
        "owner": "tinted-theming",
        "repo": "base16-fzf",
        "type": "github"
      }
    },
    "base16-shell": {
      "flake": false,
      "locked": {
        "lastModified": 1708218516,
        "narHash": "sha256-d5llHMl6qczxFodhjfBAkrJVYsurRVf1X1Ks5wFYxd8=",
        "owner": "tinted-theming",
        "repo": "base16-shell",
        "rev": "bcd9960803c39eb7af30a2db80b57ebd74073bd5",
        "type": "github"
      },
      "original": {
        "owner": "tinted-theming",
        "repo": "base16-shell",
        "type": "github"
      }
    },
    "darwin": {
      "inputs": {
        "nixpkgs": [
          "nixpkgs-darwin"
        ]
      },
      "locked": {
        "lastModified": 1709434167,
        "narHash": "sha256-2VLj0k4GNZCISN/1uf02GSaLwM1iBbTwWRLJWbjh/fw=",
        "owner": "lnl7",
        "repo": "nix-darwin",
        "rev": "17c2ca3c7537a2512224242b84e1ea3c08e79b92",
        "type": "github"
      },
      "original": {
        "owner": "lnl7",
        "ref": "master",
        "repo": "nix-darwin",
        "type": "github"
      }
    },
    "disko": {
      "inputs": {
        "nixpkgs": [
          "nixos"
        ]
      },
      "locked": {
        "lastModified": 1704318910,
        "narHash": "sha256-wOIJwAsnZhM0NlFRwYJRgO4Lldh8j9viyzwQXtrbNtM=",
        "owner": "nix-community",
        "repo": "disko",
        "rev": "aef9a509db64a081186af2dc185654d78dc8e344",
        "type": "github"
      },
      "original": {
        "owner": "nix-community",
        "ref": "v1.3.0",
        "repo": "disko",
        "type": "github"
      }
    },
    "home-manager": {
      "inputs": {
        "nixpkgs": [
          "nixos"
        ]
      },
      "locked": {
        "lastModified": 1706981411,
        "narHash": "sha256-cLbLPTL1CDmETVh4p0nQtvoF+FSEjsnJTFpTxhXywhQ=",
        "owner": "nix-community",
        "repo": "home-manager",
        "rev": "652fda4ca6dafeb090943422c34ae9145787af37",
        "type": "github"
      },
      "original": {
        "owner": "nix-community",
        "ref": "release-23.11",
        "repo": "home-manager",
        "type": "github"
      }
    },
    "nixos": {
      "locked": {
        "lastModified": 1709309926,
        "narHash": "sha256-VZFBtXGVD9LWTecGi6eXrE0hJ/mVB3zGUlHImUs2Qak=",
        "owner": "NixOS",
        "repo": "nixpkgs",
        "rev": "79baff8812a0d68e24a836df0a364c678089e2c7",
        "type": "github"
      },
      "original": {
        "owner": "NixOS",
        "ref": "nixos-23.11",
        "repo": "nixpkgs",
        "type": "github"
      }
    },
    "nixos-hardware": {
      "locked": {
        "lastModified": 1709410583,
        "narHash": "sha256-esOSUoQ7mblwcsSea0K17McZuwAIjoS6dq/4b83+lvw=",
        "owner": "NixOS",
        "repo": "nixos-hardware",
        "rev": "59e37017b9ed31dee303dbbd4531c594df95cfbc",
        "type": "github"
      },
      "original": {
        "owner": "NixOS",
        "repo": "nixos-hardware",
        "type": "github"
      }
    },
    "nixos-unstable": {
      "locked": {
        "lastModified": 1709237383,
        "narHash": "sha256-cy6ArO4k5qTx+l5o+0mL9f5fa86tYUX3ozE1S+Txlds=",
        "owner": "NixOS",
        "repo": "nixpkgs",
        "rev": "1536926ef5621b09bba54035ae2bb6d806d72ac8",
        "type": "github"
      },
      "original": {
        "owner": "NixOS",
        "ref": "nixos-unstable",
        "repo": "nixpkgs",
        "type": "github"
      }
    },
    "nixpkgs-darwin": {
      "locked": {
        "lastModified": 1709315803,
        "narHash": "sha256-/hHKlXR/w2Q1CgNfMPlbu68/0kGXG6py08hzhWuA5jI=",
        "owner": "NixOS",
        "repo": "nixpkgs",
        "rev": "01c6ad6d0b29988f30b8526b64775e02aba126d0",
        "type": "github"
      },
      "original": {
        "owner": "NixOS",
        "ref": "nixpkgs-23.11-darwin",
        "repo": "nixpkgs",
        "type": "github"
      }
    },
    "nixpkgs-unstable": {
      "locked": {
        "lastModified": 1709386671,
        "narHash": "sha256-VPqfBnIJ+cfa78pd4Y5Cr6sOWVW8GYHRVucxJGmRf8Q=",
        "owner": "NixOS",
        "repo": "nixpkgs",
        "rev": "fa9a51752f1b5de583ad5213eb621be071806663",
        "type": "github"
      },
      "original": {
        "owner": "NixOS",
        "ref": "nixpkgs-unstable",
        "repo": "nixpkgs",
        "type": "github"
      }
    },
    "oh-my-tmux": {
      "flake": false,
      "locked": {
        "lastModified": 1709471172,
        "narHash": "sha256-XIfmi2DLbeMTMEDuNdASFb1Dy7Hci1qrkxP2d+vp3R8=",
        "owner": "gpakosz",
        "repo": ".tmux",
        "rev": "135c89357ca9ae03b0ed4bb71bdd601427b70771",
        "type": "github"
      },
      "original": {
        "owner": "gpakosz",
        "repo": ".tmux",
        "type": "github"
      }
    },
    "oh-my-zsh": {
      "flake": false,
      "locked": {
        "lastModified": 1709497361,
        "narHash": "sha256-PetFqoHL/9IihIdCRBd6xw9qQGhP1mKvjkjvvACVKEo=",
        "owner": "ohmyzsh",
        "repo": "ohmyzsh",
        "rev": "f17aa2ffa8c12b71518f1b0233edca3a0dd7cade",
        "type": "github"
      },
      "original": {
        "owner": "ohmyzsh",
        "repo": "ohmyzsh",
        "type": "github"
      }
    },
    "root": {
      "inputs": {
        "asdf-kubectl": "asdf-kubectl",
        "astronvim": "astronvim",
        "base16-alacritty": "base16-alacritty",
        "base16-fzf": "base16-fzf",
        "base16-shell": "base16-shell",
        "darwin": "darwin",
        "disko": "disko",
        "home-manager": "home-manager",
        "nixos": "nixos",
        "nixos-hardware": "nixos-hardware",
        "nixos-unstable": "nixos-unstable",
        "nixpkgs-darwin": "nixpkgs-darwin",
        "nixpkgs-unstable": "nixpkgs-unstable",
        "oh-my-tmux": "oh-my-tmux",
        "oh-my-zsh": "oh-my-zsh"
      }
    }
  },
  "root": "root",
  "version": 7
}
