{
  "nodes": {
    "agent-skills": {
      "inputs": {
        "nixpkgs": [
          "nixos"
        ]
      },
      "locked": {
        "lastModified": 1789145426,
        "narHash": "sha256-Wf+7Qzt8+nz4TXPCbWnMjOAdzbVM6blW9J6JP+YhSy8=",
        "owner": "Kyure-A",
        "repo": "agent-skills-nix",
        "rev": "5133c874553c6c295654d8de4e3f62c95736b9c6",
        "type": "github"
      },
      "original": {
        "owner": "Kyure-A",
        "repo": "agent-skills-nix",
        "type": "github"
      }
    },
    "agentic-nvim-src": {
      "flake": false,
      "locked": {
        "lastModified": 1787489109,
        "narHash": "sha256-gGesKupHCLVTQ27vj2OTllOPNG1hubZdUrYTqpofEVM=",
        "owner": "carlos-algms",
        "repo": "agentic.nvim",
        "rev": "81628c1dc07edadd1c2c3c27d8dbcb424da1dea0",
        "type": "github"
      },
      "original": {
        "owner": "carlos-algms",
        "repo": "agentic.nvim",
        "type": "github"
      }
    },
    "ast-grep-skills": {
      "flake": false,
      "locked": {
        "lastModified": 1789268336,
        "narHash": "sha256-dORqiMdFOUQVEF6wn1IZiTIcslzO+441A0GZP4KNcOQ=",
        "owner": "ast-grep",
        "repo": "agent-skill",
        "rev": "f2175aff21f20cfb8e2db30c28febeb3a2d42b61",
        "type": "github"
      },
      "original": {
        "owner": "ast-grep",
        "repo": "agent-skill",
        "type": "github"
      }
    },
    "astrocommunity-src": {
      "flake": false,
      "locked": {
        "lastModified": 1775126682,
        "narHash": "sha256-zZxiRUwCJsQSHcRxGwewxNoRIhSx/olNyjNYaWBlsH0=",
        "owner": "AstroNvim",
        "repo": "astrocommunity",
        "rev": "175a21dc270a2abd65b7059ddb7ff166212d1e0f",
        "type": "github"
      },
      "original": {
        "owner": "AstroNvim",
        "ref": "v20.0.0",
        "repo": "astrocommunity",
        "type": "github"
      }
    },
    "astronvim-src": {
      "flake": false,
      "locked": {
        "lastModified": 1788549787,
        "narHash": "sha256-68lM+ASSAhQiN4plGpk6QV2y5HS3eOjFc3jZFJxXN9g=",
        "owner": "AstroNvim",
        "repo": "AstroNvim",
        "rev": "aa0545fc8357009fc8a67e6cd93e7f8544e3aba9",
        "type": "github"
      },
      "original": {
        "owner": "AstroNvim",
        "ref": "v6.1.0",
        "repo": "AstroNvim",
        "type": "github"
      }
    },
    "base16-alacritty": {
      "flake": false,
      "locked": {
        "lastModified": 1735730332,
        "narHash": "sha256-uN6bwx2pA9Gqr6yY9yyijzGhliSYuIitHyuhI8zGuY8=",
        "owner": "tinted-theming",
        "repo": "base16-alacritty",
        "rev": "a03a18632ce4bda24bc89482d396239b66b6d77a",
        "type": "github"
      },
      "original": {
        "owner": "tinted-theming",
        "repo": "base16-alacritty",
        "type": "github"
      }
    },
    "base16-fzf": {
      "flake": false,
      "locked": {
        "lastModified": 1789269227,
        "narHash": "sha256-6GsCCfv5WEVf+nPKQSBNCcyUsYYCvj+JWZSqsImEVy8=",
        "owner": "tinted-theming",
        "repo": "base16-fzf",
        "rev": "8e61839334a0fe176bccc52d11fc2a98938361a1",
        "type": "github"
      },
      "original": {
        "owner": "tinted-theming",
        "repo": "base16-fzf",
        "type": "github"
      }
    },
    "base16-shell": {
      "flake": false,
      "locked": {
        "lastModified": 1789271642,
        "narHash": "sha256-nWVd7tf6CQBEPWg9kbo8jvOojJA+Smt8NnrWk9Xmpds=",
        "owner": "tinted-theming",
        "repo": "base16-shell",
        "rev": "26c3dd8a5f4240f9d83fd17670080da437b375bb",
        "type": "github"
      },
      "original": {
        "owner": "tinted-theming",
        "repo": "base16-shell",
        "type": "github"
      }
    },
    "brew-src": {
      "flake": false,
      "locked": {
        "lastModified": 1788591592,
        "narHash": "sha256-NbwVKwKLFl0oXub7oPjvmDaOygCtV2oboeKTu4xXFTk=",
        "owner": "Homebrew",
        "repo": "brew",
        "rev": "08e85c4e42f5d8f1ea17c36cb59cf61c2ccb26c3",
        "type": "github"
      },
      "original": {
        "owner": "Homebrew",
        "ref": "6.0.22",
        "repo": "brew",
        "type": "github"
      }
    },
    "cc-skills-golang": {
      "flake": false,
      "locked": {
        "lastModified": 1787231064,
        "narHash": "sha256-d7HZ+oxuEgLIM6tXFLxT1JrXBbNsvIVMOprbqdlrOWs=",
        "owner": "samber",
        "repo": "cc-skills-golang",
        "rev": "053894c088317d7ba2038cffcbf5fd57b5494fa6",
        "type": "github"
      },
      "original": {
        "owner": "samber",
        "ref": "v2.0.0",
        "repo": "cc-skills-golang",
        "type": "github"
      }
    },
    "compound-engineering-plugin": {
      "flake": false,
      "locked": {
        "lastModified": 1789516275,
        "narHash": "sha256-9mDubnq5Sw874EPNW9f3iif/Lxd+ImWEFNLCexeBFZ8=",
        "owner": "EveryInc",
        "repo": "compound-engineering-plugin",
        "rev": "082c83e0537c803ac1d927daafc2e6eb6962dedf",
        "type": "github"
      },
      "original": {
        "owner": "EveryInc",
        "ref": "compound-engineering-v3.26.3",
        "repo": "compound-engineering-plugin",
        "type": "github"
      }
    },
    "darwin": {
      "inputs": {
        "nixpkgs": [
          "nixpkgs-darwin"
        ]
      },
      "locked": {
        "lastModified": 1783744694,
        "narHash": "sha256-2cp6N3rrwnGYLTx9l6N+NI+kwrCWxvJUbj5WJhvB29A=",
        "owner": "lnl7",
        "repo": "nix-darwin",
        "rev": "c3e90c89649b07d1a96e4b9dd6cd0d6e44b91a74",
        "type": "github"
      },
      "original": {
        "owner": "lnl7",
        "ref": "nix-darwin-26.05",
        "repo": "nix-darwin",
        "type": "github"
      }
    },
    "disko": {
      "inputs": {
        "nixpkgs": [
          "nixos"
        ]
      },
      "locked": {
        "lastModified": 1768920986,
        "narHash": "sha256-CNzzBsRhq7gg4BMBuTDObiWDH/rFYHEuDRVOwCcwXw4=",
        "owner": "nix-community",
        "repo": "disko",
        "rev": "de5708739256238fb912c62f03988815db89ec9a",
        "type": "github"
      },
      "original": {
        "owner": "nix-community",
        "ref": "v1.13.0",
        "repo": "disko",
        "type": "github"
      }
    },
    "google-skills": {
      "flake": false,
      "locked": {
        "lastModified": 1789766769,
        "narHash": "sha256-QnR0q+CyMEMDH6sXntKSZQyj04OfgSxENiSuDxilLxo=",
        "owner": "google",
        "repo": "skills",
        "rev": "18152e0d310e4d7047e9c2ec25a37b0d22d6893e",
        "type": "github"
      },
      "original": {
        "owner": "google",
        "repo": "skills",
        "type": "github"
      }
    },
    "home-manager": {
      "inputs": {
        "nixpkgs": [
          "nixos"
        ]
      },
      "locked": {
        "lastModified": 1789267039,
        "narHash": "sha256-LWiBv9yAYFi2LPbUhDGHPGKYskJQjj2fw12OlyO1uQo=",
        "owner": "nix-community",
        "repo": "home-manager",
        "rev": "ec172013fa62135f58fb58dd17ae9651e8f39727",
        "type": "github"
      },
      "original": {
        "owner": "nix-community",
        "ref": "release-26.05",
        "repo": "home-manager",
        "type": "github"
      }
    },
    "homebrew-cask": {
      "flake": false,
      "locked": {
        "lastModified": 1789792214,
        "narHash": "sha256-B5Z+sKipGA2Rzm79MaydQShwwAWbpAwgx2On7UB+CQA=",
        "owner": "homebrew",
        "repo": "homebrew-cask",
        "rev": "22fabd97d7ff89e68b449cf563f2e7d57edb27c8",
        "type": "github"
      },
      "original": {
        "owner": "homebrew",
        "repo": "homebrew-cask",
        "type": "github"
      }
    },
    "nix-homebrew": {
      "inputs": {
        "brew-src": "brew-src"
      },
      "locked": {
        "lastModified": 1788981439,
        "narHash": "sha256-fEaFq0XgpgWFPLfpq1UK4/8ylHd2T0+fo6O3hKz1LUM=",
        "owner": "zhaofengli",
        "repo": "nix-homebrew",
        "rev": "09a921d0181146cf6163ec2cc1db7b6fd539a885",
        "type": "github"
      },
      "original": {
        "owner": "zhaofengli",
        "repo": "nix-homebrew",
        "type": "github"
      }
    },
    "nixos": {
      "locked": {
        "lastModified": 1789749394,
        "narHash": "sha256-cFTsMQz8Hzn8MT49oaeLSHg62tE86NykugCWkeM2ypk=",
        "owner": "NixOS",
        "repo": "nixpkgs",
        "rev": "cf9d2fb3e50fa1cd5114c47505ea9177f7ff5f49",
        "type": "github"
      },
      "original": {
        "owner": "NixOS",
        "ref": "nixos-26.05",
        "repo": "nixpkgs",
        "type": "github"
      }
    },
    "nixos-hardware": {
      "inputs": {
        "nixpkgs": [
          "nixos"
        ]
      },
      "locked": {
        "lastModified": 1789752250,
        "narHash": "sha256-q0J27mJDfd4BM9a7KcMVbcRmqyU+goQwudbMIu66qsg=",
        "owner": "NixOS",
        "repo": "nixos-hardware",
        "rev": "b2d7d02644f0002535a3bb51a73780945cdc7ba4",
        "type": "github"
      },
      "original": {
        "owner": "NixOS",
        "repo": "nixos-hardware",
        "type": "github"
      }
    },
    "nixos-unstable": {
      "locked": {
        "lastModified": 1789684949,
        "narHash": "sha256-ZKhUe/2IJUq1JhKxKMu8rbkgSGmPP2ZCqlIPn40aGCM=",
        "owner": "NixOS",
        "repo": "nixpkgs",
        "rev": "e554fab72f81915600f3f449b786fd9af40439a5",
        "type": "github"
      },
      "original": {
        "owner": "NixOS",
        "ref": "nixos-unstable",
        "repo": "nixpkgs",
        "type": "github"
      }
    },
    "nixpkgs-darwin": {
      "locked": {
        "lastModified": 1789485310,
        "narHash": "sha256-VsDMTLSkAAJmbNha6sGNzlF33X7RESWLl3SnjDQu+4U=",
        "owner": "NixOS",
        "repo": "nixpkgs",
        "rev": "0c32f40fe3e2a9adfc427fd5abc061a31043ea44",
        "type": "github"
      },
      "original": {
        "owner": "NixOS",
        "ref": "nixpkgs-26.05-darwin",
        "repo": "nixpkgs",
        "type": "github"
      }
    },
    "nixpkgs-unstable": {
      "locked": {
        "lastModified": 1789632929,
        "narHash": "sha256-RjR8AyvGlWuw16XRj7C1YDEw4E27ciuyPeB2nDMzgTU=",
        "owner": "NixOS",
        "repo": "nixpkgs",
        "rev": "a32edd7654519351e48e80372a928df336394670",
        "type": "github"
      },
      "original": {
        "owner": "NixOS",
        "ref": "nixpkgs-unstable",
        "repo": "nixpkgs",
        "type": "github"
      }
    },
    "oh-my-zsh": {
      "flake": false,
      "locked": {
        "lastModified": 1789723626,
        "narHash": "sha256-XR2zrRj2tcsZaF4WZLwCQ9phN/mETaT2gD0TTvELwBo=",
        "owner": "ohmyzsh",
        "repo": "ohmyzsh",
        "rev": "e7852049a58ea5379dd8d88e97be89579b46a55b",
        "type": "github"
      },
      "original": {
        "owner": "ohmyzsh",
        "repo": "ohmyzsh",
        "type": "github"
      }
    },
    "root": {
      "inputs": {
        "agent-skills": "agent-skills",
        "agentic-nvim-src": "agentic-nvim-src",
        "ast-grep-skills": "ast-grep-skills",
        "astrocommunity-src": "astrocommunity-src",
        "astronvim-src": "astronvim-src",
        "base16-alacritty": "base16-alacritty",
        "base16-fzf": "base16-fzf",
        "base16-shell": "base16-shell",
        "cc-skills-golang": "cc-skills-golang",
        "compound-engineering-plugin": "compound-engineering-plugin",
        "darwin": "darwin",
        "disko": "disko",
        "google-skills": "google-skills",
        "home-manager": "home-manager",
        "homebrew-cask": "homebrew-cask",
        "nix-homebrew": "nix-homebrew",
        "nixos": "nixos",
        "nixos-hardware": "nixos-hardware",
        "nixos-unstable": "nixos-unstable",
        "nixpkgs-darwin": "nixpkgs-darwin",
        "nixpkgs-unstable": "nixpkgs-unstable",
        "oh-my-zsh": "oh-my-zsh"
      }
    }
  },
  "root": "root",
  "version": 7
}
