{
  "nodes": {
    "asdf-kubectl": {
      "flake": false,
      "locked": {
        "lastModified": 1678798503,
        "narHash": "sha256-xS6AOZGsSqxtvWwWikO2tOLQ42K/xV/eVFTsimDuK5s=",
        "owner": "asdf-community",
        "repo": "asdf-kubectl",
        "rev": "cbe6df49865a52ad5e6e430dff33f474785ff2bf",
        "type": "github"
      },
      "original": {
        "owner": "asdf-community",
        "repo": "asdf-kubectl",
        "type": "github"
      }
    },
    "astronvim": {
      "flake": false,
      "locked": {
        "lastModified": 1710957235,
        "narHash": "sha256-69DBcOpjDZBMOQGz8obMBFpEBeoSWuXZ4CNAK2GqI+M=",
        "owner": "AstroNvim",
        "repo": "AstroNvim",
        "rev": "0da3fa834137597f13e53196c8c6f7e1425601ea",
        "type": "github"
      },
      "original": {
        "owner": "AstroNvim",
        "ref": "v3.45.3",
        "repo": "AstroNvim",
        "type": "github"
      }
    },
    "base16-alacritty": {
      "flake": false,
      "locked": {
        "lastModified": 1703982197,
        "narHash": "sha256-TNxKbwdiUXGi4Z4chT72l3mt3GSvOcz6NZsUH8bQU/k=",
        "owner": "aarowill",
        "repo": "base16-alacritty",
        "rev": "c95c200b3af739708455a03b5d185d3d2d263c6e",
        "type": "github"
      },
      "original": {
        "owner": "aarowill",
        "repo": "base16-alacritty",
        "type": "github"
      }
    },
    "base16-fzf": {
      "flake": false,
      "locked": {
        "lastModified": 1711846827,
        "narHash": "sha256-SG4fVmf0FWl9wPXecfTy4YuBGCue4GAgPBZNVOtfNIU=",
        "owner": "tinted-theming",
        "repo": "base16-fzf",
        "rev": "41bfaced2f21adbb284deafa773303384f2e4336",
        "type": "github"
      },
      "original": {
        "owner": "tinted-theming",
        "repo": "base16-fzf",
        "type": "github"
      }
    },
    "base16-shell": {
      "flake": false,
      "locked": {
        "lastModified": 1711847483,
        "narHash": "sha256-O0kEQhYklb3AFyOuJ5wFVunrt6LdEoOmDRhwm0Br79k=",
        "owner": "tinted-theming",
        "repo": "base16-shell",
        "rev": "0fb0dd4086237870e2ada579391d5011343729e5",
        "type": "github"
      },
      "original": {
        "owner": "tinted-theming",
        "repo": "base16-shell",
        "type": "github"
      }
    },
    "darwin": {
      "inputs": {
        "nixpkgs": [
          "nixpkgs-darwin"
        ]
      },
      "locked": {
        "lastModified": 1711763326,
        "narHash": "sha256-sXcesZWKXFlEQ8oyGHnfk4xc9f2Ip0X/+YZOq3sKviI=",
        "owner": "lnl7",
        "repo": "nix-darwin",
        "rev": "36524adc31566655f2f4d55ad6b875fb5c1a4083",
        "type": "github"
      },
      "original": {
        "owner": "lnl7",
        "ref": "master",
        "repo": "nix-darwin",
        "type": "github"
      }
    },
    "disko": {
      "inputs": {
        "nixpkgs": [
          "nixos"
        ]
      },
      "locked": {
        "lastModified": 1704318910,
        "narHash": "sha256-wOIJwAsnZhM0NlFRwYJRgO4Lldh8j9viyzwQXtrbNtM=",
        "owner": "nix-community",
        "repo": "disko",
        "rev": "aef9a509db64a081186af2dc185654d78dc8e344",
        "type": "github"
      },
      "original": {
        "owner": "nix-community",
        "ref": "v1.3.0",
        "repo": "disko",
        "type": "github"
      }
    },
    "home-manager": {
      "inputs": {
        "nixpkgs": [
          "nixos"
        ]
      },
      "locked": {
        "lastModified": 1710888565,
        "narHash": "sha256-s9Hi4RHhc6yut4EcYD50sZWRDKsugBJHSbON8KFwoTw=",
        "owner": "nix-community",
        "repo": "home-manager",
        "rev": "f33900124c23c4eca5831b9b5eb32ea5894375ce",
        "type": "github"
      },
      "original": {
        "owner": "nix-community",
        "ref": "release-23.11",
        "repo": "home-manager",
        "type": "github"
      }
    },
    "nixos": {
      "locked": {
        "lastModified": 1711668574,
        "narHash": "sha256-u1dfs0ASQIEr1icTVrsKwg2xToIpn7ZXxW3RHfHxshg=",
        "owner": "NixOS",
        "repo": "nixpkgs",
        "rev": "219951b495fc2eac67b1456824cc1ec1fd2ee659",
        "type": "github"
      },
      "original": {
        "owner": "NixOS",
        "ref": "nixos-23.11",
        "repo": "nixpkgs",
        "type": "github"
      }
    },
    "nixos-hardware": {
      "locked": {
        "lastModified": 1711352745,
        "narHash": "sha256-luvqik+i3HTvCbXQZgB6uggvEcxI9uae0nmrgtXJ17U=",
        "owner": "NixOS",
        "repo": "nixos-hardware",
        "rev": "9a763a7acc4cfbb8603bb0231fec3eda864f81c0",
        "type": "github"
      },
      "original": {
        "owner": "NixOS",
        "repo": "nixos-hardware",
        "type": "github"
      }
    },
    "nixos-unstable": {
      "locked": {
        "lastModified": 1711703276,
        "narHash": "sha256-iMUFArF0WCatKK6RzfUJknjem0H9m4KgorO/p3Dopkk=",
        "owner": "NixOS",
        "repo": "nixpkgs",
        "rev": "d8fe5e6c92d0d190646fb9f1056741a229980089",
        "type": "github"
      },
      "original": {
        "owner": "NixOS",
        "ref": "nixos-unstable",
        "repo": "nixpkgs",
        "type": "github"
      }
    },
    "nixpkgs-darwin": {
      "locked": {
        "lastModified": 1711707400,
        "narHash": "sha256-ggjKcR3OEmPnaYYB8f7PNXoe9f6NwtHpk/PZID42Hc8=",
        "owner": "NixOS",
        "repo": "nixpkgs",
        "rev": "fb003bf6332198a6134312ae138182de9242a1e6",
        "type": "github"
      },
      "original": {
        "owner": "NixOS",
        "ref": "nixpkgs-23.11-darwin",
        "repo": "nixpkgs",
        "type": "github"
      }
    },
    "nixpkgs-unstable": {
      "locked": {
        "lastModified": 1711715736,
        "narHash": "sha256-9slQ609YqT9bT/MNX9+5k5jltL9zgpn36DpFB7TkttM=",
        "owner": "NixOS",
        "repo": "nixpkgs",
        "rev": "807c549feabce7eddbf259dbdcec9e0600a0660d",
        "type": "github"
      },
      "original": {
        "owner": "NixOS",
        "ref": "nixpkgs-unstable",
        "repo": "nixpkgs",
        "type": "github"
      }
    },
    "oh-my-tmux": {
      "flake": false,
      "locked": {
        "lastModified": 1710779113,
        "narHash": "sha256-/U4G9LB3LY3UW+5mF0H9c1I/xCQ4StswbF1+wZSiG+s=",
        "owner": "gpakosz",
        "repo": ".tmux",
        "rev": "a795f9ec5167234c60f16a5390f199ec34833ea6",
        "type": "github"
      },
      "original": {
        "owner": "gpakosz",
        "repo": ".tmux",
        "type": "github"
      }
    },
    "oh-my-zsh": {
      "flake": false,
      "locked": {
        "lastModified": 1711783574,
        "narHash": "sha256-u4g3dCkAH/F44NxmA8tF8ga7grb57Pny740viS7BUiE=",
        "owner": "ohmyzsh",
        "repo": "ohmyzsh",
        "rev": "6dfa9507ce0eb0f4d386bd03268e33943ea55c0f",
        "type": "github"
      },
      "original": {
        "owner": "ohmyzsh",
        "repo": "ohmyzsh",
        "type": "github"
      }
    },
    "root": {
      "inputs": {
        "asdf-kubectl": "asdf-kubectl",
        "astronvim": "astronvim",
        "base16-alacritty": "base16-alacritty",
        "base16-fzf": "base16-fzf",
        "base16-shell": "base16-shell",
        "darwin": "darwin",
        "disko": "disko",
        "home-manager": "home-manager",
        "nixos": "nixos",
        "nixos-hardware": "nixos-hardware",
        "nixos-unstable": "nixos-unstable",
        "nixpkgs-darwin": "nixpkgs-darwin",
        "nixpkgs-unstable": "nixpkgs-unstable",
        "oh-my-tmux": "oh-my-tmux",
        "oh-my-zsh": "oh-my-zsh"
      }
    }
  },
  "root": "root",
  "version": 7
}
